
Microsoft Visual Studio Solution File, Format Version 12.00
# Visual Studio Version 17
VisualStudioVersion = 17.4.33213.308
MinimumVisualStudioVersion = 10.0.40219.1
Project("{888888A0-9F3D-457C-B088-3A5042F75D52}") = "PA1", "PA1\PA1.pyproj", "{11ECBD01-1C6A-4BD1-8F3F-8C5908219E33}"
EndProject
Global
	GlobalSection(SolutionConfigurationPlatforms) = preSolution
		Debug|Any CPU = Debug|Any CPU
		Release|Any CPU = Release|Any CPU
	EndGlobalSection
	GlobalSection(ProjectConfigurationPlatforms) = postSolution
		{11ECBD01-1C6A-4BD1-8F3F-8C5908219E33}.Debug|Any CPU.ActiveCfg = Debug|Any CPU
		{11ECBD01-1C6A-4BD1-8F3F-8C5908219E33}.Release|Any CPU.ActiveCfg = Release|Any CPU
	EndGlobalSection
	GlobalSection(SolutionProperties) = preSolution
		HideSolutionNode = FALSE
	EndGlobalSection
	GlobalSection(ExtensibilityGlobals) = postSolution
		SolutionGuid = {1A8449B9-65B5-463D-A7E5-6242C9CB5399}
	EndGlobalSection
EndGlobal
